
Microsoft Visual Studio Solution File, Format Version 12.00
# Visual Studio Version 16
VisualStudioVersion = 16.0.31129.286
MinimumVisualStudioVersion = 10.0.40219.1
Project("{FAE04EC0-301F-11D3-BF4B-00C04F79EFBC}") = "MethodsLearning", "MethodsLearning.csproj", "{FBB2236F-182B-4AF0-B541-CCD8B0A0E68D}"
EndProject
Global
	GlobalSection(SolutionConfigurationPlatforms) = preSolution
		Debug|Any CPU = Debug|Any CPU
		Release|Any CPU = Release|Any CPU
	EndGlobalSection
	GlobalSection(ProjectConfigurationPlatforms) = postSolution
		{FBB2236F-182B-4AF0-B541-CCD8B0A0E68D}.Debug|Any CPU.ActiveCfg = Debug|Any CPU
		{FBB2236F-182B-4AF0-B541-CCD8B0A0E68D}.Debug|Any CPU.Build.0 = Debug|Any CPU
		{FBB2236F-182B-4AF0-B541-CCD8B0A0E68D}.Release|Any CPU.ActiveCfg = Release|Any CPU
		{FBB2236F-182B-4AF0-B541-CCD8B0A0E68D}.Release|Any CPU.Build.0 = Release|Any CPU
	EndGlobalSection
	GlobalSection(SolutionProperties) = preSolution
		HideSolutionNode = FALSE
	EndGlobalSection
	GlobalSection(ExtensibilityGlobals) = postSolution
		SolutionGuid = {492CE250-7A82-4E83-82D6-956E5947B5AC}
	EndGlobalSection
EndGlobal
