
Microsoft Visual Studio Solution File, Format Version 12.00
# Visual Studio Version 16
VisualStudioVersion = 16.0.31129.286
MinimumVisualStudioVersion = 10.0.40219.1
Project("{FAE04EC0-301F-11D3-BF4B-00C04F79EFBC}") = "InheritanceAssignment", "InheritanceAssignment.csproj", "{BBED2B60-1735-46E1-A5C4-760DAA4A8950}"
EndProject
Global
	GlobalSection(SolutionConfigurationPlatforms) = preSolution
		Debug|Any CPU = Debug|Any CPU
		Release|Any CPU = Release|Any CPU
	EndGlobalSection
	GlobalSection(ProjectConfigurationPlatforms) = postSolution
		{BBED2B60-1735-46E1-A5C4-760DAA4A8950}.Debug|Any CPU.ActiveCfg = Debug|Any CPU
		{BBED2B60-1735-46E1-A5C4-760DAA4A8950}.Debug|Any CPU.Build.0 = Debug|Any CPU
		{BBED2B60-1735-46E1-A5C4-760DAA4A8950}.Release|Any CPU.ActiveCfg = Release|Any CPU
		{BBED2B60-1735-46E1-A5C4-760DAA4A8950}.Release|Any CPU.Build.0 = Release|Any CPU
	EndGlobalSection
	GlobalSection(SolutionProperties) = preSolution
		HideSolutionNode = FALSE
	EndGlobalSection
	GlobalSection(ExtensibilityGlobals) = postSolution
		SolutionGuid = {7FB77B38-4ED9-496E-B53F-B49F72860C4A}
	EndGlobalSection
EndGlobal
